
Microsoft Visual Studio Solution File, Format Version 12.00
# Visual Studio Version 17
VisualStudioVersion = 17.0.31903.59
MinimumVisualStudioVersion = 10.0.40219.1
Project("{2150E333-8FDC-42A3-9474-1A3956D46DE8}") = "src", "src", "{92D0ED61-AD4D-4024-98B0-59BC93F8444C}"
EndProject
Project("{FAE04EC0-301F-11D3-BF4B-00C04F79EFBC}") = "Cs2Mermaid.Core", "src\Cs2Mermaid.Core\Cs2Mermaid.Core.csproj", "{8C882E19-3F1D-4C88-B552-E53E46482EE2}"
EndProject
Project("{FAE04EC0-301F-11D3-BF4B-00C04F79EFBC}") = "Cs2Mermaid.Cli", "src\Cs2Mermaid.Cli\Cs2Mermaid.Cli.csproj", "{A63382AA-B26A-40FE-AEDE-37BA725282BA}"
EndProject
Project("{FAE04EC0-301F-11D3-BF4B-00C04F79EFBC}") = "Cs2Mermaid.Build", "src\Cs2Mermaid.Build\Cs2Mermaid.Build.csproj", "{D3F1D552-A8FA-4AED-8EBB-5CE1F822F368}"
EndProject
Project("{2150E333-8FDC-42A3-9474-1A3956D46DE8}") = "tests", "tests", "{0AB3BF05-4346-4AA6-1389-037BE0695223}"
EndProject
Project("{FAE04EC0-301F-11D3-BF4B-00C04F79EFBC}") = "Cs2Mermaid.Core.Tests", "tests\Cs2Mermaid.Core.Tests\Cs2Mermaid.Core.Tests.csproj", "{341E806C-F07D-42AA-A479-BAEC1D96DC09}"
EndProject
Project("{FAE04EC0-301F-11D3-BF4B-00C04F79EFBC}") = "Cs2Mermaid.Cli.Tests", "tests\Cs2Mermaid.Cli.Tests\Cs2Mermaid.Cli.Tests.csproj", "{C2C081EA-7F39-4B3D-A47C-03FEBDE66DF8}"
EndProject
Global
	GlobalSection(SolutionConfigurationPlatforms) = preSolution
		Debug|Any CPU = Debug|Any CPU
		Debug|x64 = Debug|x64
		Debug|x86 = Debug|x86
		Release|Any CPU = Release|Any CPU
		Release|x64 = Release|x64
		Release|x86 = Release|x86
	EndGlobalSection
	GlobalSection(ProjectConfigurationPlatforms) = postSolution
		{8C882E19-3F1D-4C88-B552-E53E46482EE2}.Debug|Any CPU.ActiveCfg = Debug|Any CPU
		{8C882E19-3F1D-4C88-B552-E53E46482EE2}.Debug|Any CPU.Build.0 = Debug|Any CPU
		{8C882E19-3F1D-4C88-B552-E53E46482EE2}.Debug|x64.ActiveCfg = Debug|Any CPU
		{8C882E19-3F1D-4C88-B552-E53E46482EE2}.Debug|x64.Build.0 = Debug|Any CPU
		{8C882E19-3F1D-4C88-B552-E53E46482EE2}.Debug|x86.ActiveCfg = Debug|Any CPU
		{8C882E19-3F1D-4C88-B552-E53E46482EE2}.Debug|x86.Build.0 = Debug|Any CPU
		{8C882E19-3F1D-4C88-B552-E53E46482EE2}.Release|Any CPU.ActiveCfg = Release|Any CPU
		{8C882E19-3F1D-4C88-B552-E53E46482EE2}.Release|Any CPU.Build.0 = Release|Any CPU
		{8C882E19-3F1D-4C88-B552-E53E46482EE2}.Release|x64.ActiveCfg = Release|Any CPU
		{8C882E19-3F1D-4C88-B552-E53E46482EE2}.Release|x64.Build.0 = Release|Any CPU
		{8C882E19-3F1D-4C88-B552-E53E46482EE2}.Release|x86.ActiveCfg = Release|Any CPU
		{8C882E19-3F1D-4C88-B552-E53E46482EE2}.Release|x86.Build.0 = Release|Any CPU
		{A63382AA-B26A-40FE-AEDE-37BA725282BA}.Debug|Any CPU.ActiveCfg = Debug|Any CPU
		{A63382AA-B26A-40FE-AEDE-37BA725282BA}.Debug|Any CPU.Build.0 = Debug|Any CPU
		{A63382AA-B26A-40FE-AEDE-37BA725282BA}.Debug|x64.ActiveCfg = Debug|Any CPU
		{A63382AA-B26A-40FE-AEDE-37BA725282BA}.Debug|x64.Build.0 = Debug|Any CPU
		{A63382AA-B26A-40FE-AEDE-37BA725282BA}.Debug|x86.ActiveCfg = Debug|Any CPU
		{A63382AA-B26A-40FE-AEDE-37BA725282BA}.Debug|x86.Build.0 = Debug|Any CPU
		{A63382AA-B26A-40FE-AEDE-37BA725282BA}.Release|Any CPU.ActiveCfg = Release|Any CPU
		{A63382AA-B26A-40FE-AEDE-37BA725282BA}.Release|Any CPU.Build.0 = Release|Any CPU
		{A63382AA-B26A-40FE-AEDE-37BA725282BA}.Release|x64.ActiveCfg = Release|Any CPU
		{A63382AA-B26A-40FE-AEDE-37BA725282BA}.Release|x64.Build.0 = Release|Any CPU
		{A63382AA-B26A-40FE-AEDE-37BA725282BA}.Release|x86.ActiveCfg = Release|Any CPU
		{A63382AA-B26A-40FE-AEDE-37BA725282BA}.Release|x86.Build.0 = Release|Any CPU
		{D3F1D552-A8FA-4AED-8EBB-5CE1F822F368}.Debug|Any CPU.ActiveCfg = Debug|Any CPU
		{D3F1D552-A8FA-4AED-8EBB-5CE1F822F368}.Debug|Any CPU.Build.0 = Debug|Any CPU
		{D3F1D552-A8FA-4AED-8EBB-5CE1F822F368}.Debug|x64.ActiveCfg = Debug|Any CPU
		{D3F1D552-A8FA-4AED-8EBB-5CE1F822F368}.Debug|x64.Build.0 = Debug|Any CPU
		{D3F1D552-A8FA-4AED-8EBB-5CE1F822F368}.Debug|x86.ActiveCfg = Debug|Any CPU
		{D3F1D552-A8FA-4AED-8EBB-5CE1F822F368}.Debug|x86.Build.0 = Debug|Any CPU
		{D3F1D552-A8FA-4AED-8EBB-5CE1F822F368}.Release|Any CPU.ActiveCfg = Release|Any CPU
		{D3F1D552-A8FA-4AED-8EBB-5CE1F822F368}.Release|Any CPU.Build.0 = Release|Any CPU
		{D3F1D552-A8FA-4AED-8EBB-5CE1F822F368}.Release|x64.ActiveCfg = Release|Any CPU
		{D3F1D552-A8FA-4AED-8EBB-5CE1F822F368}.Release|x64.Build.0 = Release|Any CPU
		{D3F1D552-A8FA-4AED-8EBB-5CE1F822F368}.Release|x86.ActiveCfg = Release|Any CPU
		{D3F1D552-A8FA-4AED-8EBB-5CE1F822F368}.Release|x86.Build.0 = Release|Any CPU
		{341E806C-F07D-42AA-A479-BAEC1D96DC09}.Debug|Any CPU.ActiveCfg = Debug|Any CPU
		{341E806C-F07D-42AA-A479-BAEC1D96DC09}.Debug|Any CPU.Build.0 = Debug|Any CPU
		{341E806C-F07D-42AA-A479-BAEC1D96DC09}.Debug|x64.ActiveCfg = Debug|Any CPU
		{341E806C-F07D-42AA-A479-BAEC1D96DC09}.Debug|x64.Build.0 = Debug|Any CPU
		{341E806C-F07D-42AA-A479-BAEC1D96DC09}.Debug|x86.ActiveCfg = Debug|Any CPU
		{341E806C-F07D-42AA-A479-BAEC1D96DC09}.Debug|x86.Build.0 = Debug|Any CPU
		{341E806C-F07D-42AA-A479-BAEC1D96DC09}.Release|Any CPU.ActiveCfg = Release|Any CPU
		{341E806C-F07D-42AA-A479-BAEC1D96DC09}.Release|Any CPU.Build.0 = Release|Any CPU
		{341E806C-F07D-42AA-A479-BAEC1D96DC09}.Release|x64.ActiveCfg = Release|Any CPU
		{341E806C-F07D-42AA-A479-BAEC1D96DC09}.Release|x64.Build.0 = Release|Any CPU
		{341E806C-F07D-42AA-A479-BAEC1D96DC09}.Release|x86.ActiveCfg = Release|Any CPU
		{341E806C-F07D-42AA-A479-BAEC1D96DC09}.Release|x86.Build.0 = Release|Any CPU
		{C2C081EA-7F39-4B3D-A47C-03FEBDE66DF8}.Debug|Any CPU.ActiveCfg = Debug|Any CPU
		{C2C081EA-7F39-4B3D-A47C-03FEBDE66DF8}.Debug|Any CPU.Build.0 = Debug|Any CPU
		{C2C081EA-7F39-4B3D-A47C-03FEBDE66DF8}.Debug|x64.ActiveCfg = Debug|Any CPU
		{C2C081EA-7F39-4B3D-A47C-03FEBDE66DF8}.Debug|x64.Build.0 = Debug|Any CPU
		{C2C081EA-7F39-4B3D-A47C-03FEBDE66DF8}.Debug|x86.ActiveCfg = Debug|Any CPU
		{C2C081EA-7F39-4B3D-A47C-03FEBDE66DF8}.Debug|x86.Build.0 = Debug|Any CPU
		{C2C081EA-7F39-4B3D-A47C-03FEBDE66DF8}.Release|Any CPU.ActiveCfg = Release|Any CPU
		{C2C081EA-7F39-4B3D-A47C-03FEBDE66DF8}.Release|Any CPU.Build.0 = Release|Any CPU
		{C2C081EA-7F39-4B3D-A47C-03FEBDE66DF8}.Release|x64.ActiveCfg = Release|Any CPU
		{C2C081EA-7F39-4B3D-A47C-03FEBDE66DF8}.Release|x64.Build.0 = Release|Any CPU
		{C2C081EA-7F39-4B3D-A47C-03FEBDE66DF8}.Release|x86.ActiveCfg = Release|Any CPU
		{C2C081EA-7F39-4B3D-A47C-03FEBDE66DF8}.Release|x86.Build.0 = Release|Any CPU
	EndGlobalSection
	GlobalSection(SolutionProperties) = preSolution
		HideSolutionNode = FALSE
	EndGlobalSection
	GlobalSection(NestedProjects) = preSolution
		{8C882E19-3F1D-4C88-B552-E53E46482EE2} = {92D0ED61-AD4D-4024-98B0-59BC93F8444C}
		{A63382AA-B26A-40FE-AEDE-37BA725282BA} = {92D0ED61-AD4D-4024-98B0-59BC93F8444C}
		{D3F1D552-A8FA-4AED-8EBB-5CE1F822F368} = {92D0ED61-AD4D-4024-98B0-59BC93F8444C}
		{341E806C-F07D-42AA-A479-BAEC1D96DC09} = {0AB3BF05-4346-4AA6-1389-037BE0695223}
		{C2C081EA-7F39-4B3D-A47C-03FEBDE66DF8} = {0AB3BF05-4346-4AA6-1389-037BE0695223}
	EndGlobalSection
EndGlobal
